
Microsoft Visual Studio Solution File, Format Version 12.00
# Visual Studio Version 16
VisualStudioVersion = 16.0.30804.86
MinimumVisualStudioVersion = 10.0.40219.1
Project("{FAE04EC0-301F-11D3-BF4B-00C04F79EFBC}") = "CQRSDemo", "CQRSDemo\CQRSDemo.csproj", "{F40084C9-B6C5-4FBB-961D-785C38B91C69}"
EndProject
Global
	GlobalSection(SolutionConfigurationPlatforms) = preSolution
		Debug|Any CPU = Debug|Any CPU
		Release|Any CPU = Release|Any CPU
	EndGlobalSection
	GlobalSection(ProjectConfigurationPlatforms) = postSolution
		{F40084C9-B6C5-4FBB-961D-785C38B91C69}.Debug|Any CPU.ActiveCfg = Debug|Any CPU
		{F40084C9-B6C5-4FBB-961D-785C38B91C69}.Debug|Any CPU.Build.0 = Debug|Any CPU
		{F40084C9-B6C5-4FBB-961D-785C38B91C69}.Release|Any CPU.ActiveCfg = Release|Any CPU
		{F40084C9-B6C5-4FBB-961D-785C38B91C69}.Release|Any CPU.Build.0 = Release|Any CPU
	EndGlobalSection
	GlobalSection(SolutionProperties) = preSolution
		HideSolutionNode = FALSE
	EndGlobalSection
	GlobalSection(ExtensibilityGlobals) = postSolution
		SolutionGuid = {52D78EAB-803E-47FC-9A98-E7B0392A7C58}
	EndGlobalSection
EndGlobal
